
Microsoft Visual Studio Solution File, Format Version 12.00
# Visual Studio Version 17
VisualStudioVersion = 17.0.31912.275
MinimumVisualStudioVersion = 10.0.40219.1
Project("{FAE04EC0-301F-11D3-BF4B-00C04F79EFBC}") = "SalesManago", "SalesManago\SalesManago.csproj", "{74E2623A-0835-40F7-B89C-3355F53DA048}"
EndProject
Global
	GlobalSection(SolutionConfigurationPlatforms) = preSolution
		Debug|Any CPU = Debug|Any CPU
		Release|Any CPU = Release|Any CPU
	EndGlobalSection
	GlobalSection(ProjectConfigurationPlatforms) = postSolution
		{74E2623A-0835-40F7-B89C-3355F53DA048}.Debug|Any CPU.ActiveCfg = Debug|Any CPU
		{74E2623A-0835-40F7-B89C-3355F53DA048}.Debug|Any CPU.Build.0 = Debug|Any CPU
		{74E2623A-0835-40F7-B89C-3355F53DA048}.Release|Any CPU.ActiveCfg = Release|Any CPU
		{74E2623A-0835-40F7-B89C-3355F53DA048}.Release|Any CPU.Build.0 = Release|Any CPU
	EndGlobalSection
	GlobalSection(SolutionProperties) = preSolution
		HideSolutionNode = FALSE
	EndGlobalSection
	GlobalSection(ExtensibilityGlobals) = postSolution
		SolutionGuid = {838C31DB-6CA9-43F4-931E-F1F3AA3AAE11}
	EndGlobalSection
EndGlobal
